// !$*UTF8*$!
{
	archiveVersion = 1;
	classes = {
	};
	objectVersion = 48;
	objects = {

/* Begin PBXBuildFile section */
		EDE50CD12211D85100575EDF /* AppDelegate.swift in Sources */ = {isa = PBXBuildFile; fileRef = EDE50CD02211D85100575EDF /* AppDelegate.swift */; };
		EDE50CD32211D85100575EDF /* ViewController.swift in Sources */ = {isa = PBXBuildFile; fileRef = EDE50CD22211D85100575EDF /* ViewController.swift */; };
		EDE50CD62211D85100575EDF /* Main.storyboard in Resources */ = {isa = PBXBuildFile; fileRef = EDE50CD42211D85100575EDF /* Main.storyboard */; };
		EDE50CD82211D85100575EDF /* Assets.xcassets in Resources */ = {isa = PBXBuildFile; fileRef = EDE50CD72211D85100575EDF /* Assets.xcassets */; };
		EDE50CDB2211D85100575EDF /* LaunchScreen.storyboard in Resources */ = {isa = PBXBuildFile; fileRef = EDE50CD92211D85100575EDF /* LaunchScreen.storyboard */; };
		EDE50CE62211D85100575EDF /* BerlinClockConverterTests.swift in Sources */ = {isa = PBXBuildFile; fileRef = EDE50CE52211D85100575EDF /* BerlinClockConverterTests.swift */; };
/* End PBXBuildFile section */

/* Begin PBXContainerItemProxy section */
		EDE50CE22211D85100575EDF /* PBXContainerItemProxy */ = {
			isa = PBXContainerItemProxy;
			containerPortal = EDE50CC52211D85100575EDF /* Project object */;
			proxyType = 1;
			remoteGlobalIDString = EDE50CCC2211D85100575EDF;
			remoteInfo = BerlinClockConverter;
		};
/* End PBXContainerItemProxy section */

/* Begin PBXFileReference section */
		EDE50CCD2211D85100575EDF /* BerlinClockConverter.app */ = {isa = PBXFileReference; explicitFileType = wrapper.application; includeInIndex = 0; path = BerlinClockConverter.app; sourceTree = BUILT_PRODUCTS_DIR; };
		EDE50CD02211D85100575EDF /* AppDelegate.swift */ = {isa = PBXFileReference; lastKnownFileType = sourcecode.swift; path = AppDelegate.swift; sourceTree = "<group>"; };
		EDE50CD22211D85100575EDF /* ViewController.swift */ = {isa = PBXFileReference; lastKnownFileType = sourcecode.swift; path = ViewController.swift; sourceTree = "<group>"; };
		EDE50CD52211D85100575EDF /* Base */ = {isa = PBXFileReference; lastKnownFileType = file.storyboard; name = Base; path = Base.lproj/Main.storyboard; sourceTree = "<group>"; };
		EDE50CD72211D85100575EDF /* Assets.xcassets */ = {isa = PBXFileReference; lastKnownFileType = folder.assetcatalog; path = Assets.xcassets; sourceTree = "<group>"; };
		EDE50CDA2211D85100575EDF /* Base */ = {isa = PBXFileReference; lastKnownFileType = file.storyboard; name = Base; path = Base.lproj/LaunchScreen.storyboard; sourceTree = "<group>"; };
		EDE50CDC2211D85100575EDF /* Info.plist */ = {isa = PBXFileReference; lastKnownFileType = text.plist.xml; path = Info.plist; sourceTree = "<group>"; };
		EDE50CE12211D85100575EDF /* BerlinClockConverterTests.xctest */ = {isa = PBXFileReference; explicitFileType = wrapper.cfbundle; includeInIndex = 0; path = BerlinClockConverterTests.xctest; sourceTree = BUILT_PRODUCTS_DIR; };
		EDE50CE52211D85100575EDF /* BerlinClockConverterTests.swift */ = {isa = PBXFileReference; lastKnownFileType = sourcecode.swift; path = BerlinClockConverterTests.swift; sourceTree = "<group>"; };
		EDE50CE72211D85100575EDF /* Info.plist */ = {isa = PBXFileReference; lastKnownFileType = text.plist.xml; path = Info.plist; sourceTree = "<group>"; };
/* End PBXFileReference section */

/* Begin PBXFrameworksBuildPhase section */
		EDE50CCA2211D85100575EDF /* Frameworks */ = {
			isa = PBXFrameworksBuildPhase;
			buildActionMask = 2147483647;
			files = (
			);
			runOnlyForDeploymentPostprocessing = 0;
		};
		EDE50CDE2211D85100575EDF /* Frameworks */ = {
			isa = PBXFrameworksBuildPhase;
			buildActionMask = 2147483647;
			files = (
			);
			runOnlyForDeploymentPostprocessing = 0;
		};
/* End PBXFrameworksBuildPhase section */

/* Begin PBXGroup section */
		EDE50CC42211D85100575EDF = {
			isa = PBXGroup;
			children = (
				EDE50CCF2211D85100575EDF /* BerlinClockConverter */,
				EDE50CE42211D85100575EDF /* BerlinClockConverterTests */,
				EDE50CCE2211D85100575EDF /* Products */,
			);
			sourceTree = "<group>";
		};
		EDE50CCE2211D85100575EDF /* Products */ = {
			isa = PBXGroup;
			children = (
				EDE50CCD2211D85100575EDF /* BerlinClockConverter.app */,
				EDE50CE12211D85100575EDF /* BerlinClockConverterTests.xctest */,
			);
			name = Products;
			sourceTree = "<group>";
		};
		EDE50CCF2211D85100575EDF /* BerlinClockConverter */ = {
			isa = PBXGroup;
			children = (
				EDE50CD02211D85100575EDF /* AppDelegate.swift */,
				EDE50CD22211D85100575EDF /* ViewController.swift */,
				EDE50CD42211D85100575EDF /* Main.storyboard */,
				EDE50CD72211D85100575EDF /* Assets.xcassets */,
				EDE50CD92211D85100575EDF /* LaunchScreen.storyboard */,
				EDE50CDC2211D85100575EDF /* Info.plist */,
			);
			path = BerlinClockConverter;
			sourceTree = "<group>";
		};
		EDE50CE42211D85100575EDF /* BerlinClockConverterTests */ = {
			isa = PBXGroup;
			children = (
				EDE50CE52211D85100575EDF /* BerlinClockConverterTests.swift */,
				EDE50CE72211D85100575EDF /* Info.plist */,
			);
			path = BerlinClockConverterTests;
			sourceTree = "<group>";
		};
/* End PBXGroup section */

/* Begin PBXNativeTarget section */
		EDE50CCC2211D85100575EDF /* BerlinClockConverter */ = {
			isa = PBXNativeTarget;
			buildConfigurationList = EDE50CEA2211D85100575EDF /* Build configuration list for PBXNativeTarget "BerlinClockConverter" */;
			buildPhases = (
				EDE50CC92211D85100575EDF /* Sources */,
				EDE50CCA2211D85100575EDF /* Frameworks */,
				EDE50CCB2211D85100575EDF /* Resources */,
			);
			buildRules = (
			);
			dependencies = (
			);
			name = BerlinClockConverter;
			productName = BerlinClockConverter;
			productReference = EDE50CCD2211D85100575EDF /* BerlinClockConverter.app */;
			productType = "com.apple.product-type.application";
		};
		EDE50CE02211D85100575EDF /* BerlinClockConverterTests */ = {
			isa = PBXNativeTarget;
			buildConfigurationList = EDE50CED2211D85100575EDF /* Build configuration list for PBXNativeTarget "BerlinClockConverterTests" */;
			buildPhases = (
				EDE50CDD2211D85100575EDF /* Sources */,
				EDE50CDE2211D85100575EDF /* Frameworks */,
				EDE50CDF2211D85100575EDF /* Resources */,
			);
			buildRules = (
			);
			dependencies = (
				EDE50CE32211D85100575EDF /* PBXTargetDependency */,
			);
			name = BerlinClockConverterTests;
			productName = BerlinClockConverterTests;
			productReference = EDE50CE12211D85100575EDF /* BerlinClockConverterTests.xctest */;
			productType = "com.apple.product-type.bundle.unit-test";
		};
/* End PBXNativeTarget section */

/* Begin PBXProject section */
		EDE50CC52211D85100575EDF /* Project object */ = {
			isa = PBXProject;
			attributes = {
				LastSwiftUpdateCheck = 0910;
				LastUpgradeCheck = 0910;
				ORGANIZATIONNAME = "Daniela Banica";
				TargetAttributes = {
					EDE50CCC2211D85100575EDF = {
						CreatedOnToolsVersion = 9.1;
						ProvisioningStyle = Automatic;
					};
					EDE50CE02211D85100575EDF = {
						CreatedOnToolsVersion = 9.1;
						ProvisioningStyle = Automatic;
						TestTargetID = EDE50CCC2211D85100575EDF;
					};
				};
			};
			buildConfigurationList = EDE50CC82211D85100575EDF /* Build configuration list for PBXProject "BerlinClockConverter" */;
			compatibilityVersion = "Xcode 8.0";
			developmentRegion = en;
			hasScannedForEncodings = 0;
			knownRegions = (
				en,
				Base,
			);
			mainGroup = EDE50CC42211D85100575EDF;
			productRefGroup = EDE50CCE2211D85100575EDF /* Products */;
			projectDirPath = "";
			projectRoot = "";
			targets = (
				EDE50CCC2211D85100575EDF /* BerlinClockConverter */,
				EDE50CE02211D85100575EDF /* BerlinClockConverterTests */,
			);
		};
/* End PBXProject section */

/* Begin PBXResourcesBuildPhase section */
		EDE50CCB2211D85100575EDF /* Resources */ = {
			isa = PBXResourcesBuildPhase;
			buildActionMask = 2147483647;
			files = (
				EDE50CDB2211D85100575EDF /* LaunchScreen.storyboard in Resources */,
				EDE50CD82211D85100575EDF /* Assets.xcassets in Resources */,
				EDE50CD62211D85100575EDF /* Main.storyboard in Resources */,
			);
			runOnlyForDeploymentPostprocessing = 0;
		};
		EDE50CDF2211D85100575EDF /* Resources */ = {
			isa = PBXResourcesBuildPhase;
			buildActionMask = 2147483647;
			files = (
			);
			runOnlyForDeploymentPostprocessing = 0;
		};
/* End PBXResourcesBuildPhase section */

/* Begin PBXSourcesBuildPhase section */
		EDE50CC92211D85100575EDF /* Sources */ = {
			isa = PBXSourcesBuildPhase;
			buildActionMask = 2147483647;
			files = (
				EDE50CD32211D85100575EDF /* ViewController.swift in Sources */,
				EDE50CD12211D85100575EDF /* AppDelegate.swift in Sources */,
			);
			runOnlyForDeploymentPostprocessing = 0;
		};
		EDE50CDD2211D85100575EDF /* Sources */ = {
			isa = PBXSourcesBuildPhase;
			buildActionMask = 2147483647;
			files = (
				EDE50CE62211D85100575EDF /* BerlinClockConverterTests.swift in Sources */,
			);
			runOnlyForDeploymentPostprocessing = 0;
		};
/* End PBXSourcesBuildPhase section */

/* Begin PBXTargetDependency section */
		EDE50CE32211D85100575EDF /* PBXTargetDependency */ = {
			isa = PBXTargetDependency;
			target = EDE50CCC2211D85100575EDF /* BerlinClockConverter */;
			targetProxy = EDE50CE22211D85100575EDF /* PBXContainerItemProxy */;
		};
/* End PBXTargetDependency section */

/* Begin PBXVariantGroup section */
		EDE50CD42211D85100575EDF /* Main.storyboard */ = {
			isa = PBXVariantGroup;
			children = (
				EDE50CD52211D85100575EDF /* Base */,
			);
			name = Main.storyboard;
			sourceTree = "<group>";
		};
		EDE50CD92211D85100575EDF /* LaunchScreen.storyboard */ = {
			isa = PBXVariantGroup;
			children = (
				EDE50CDA2211D85100575EDF /* Base */,
			);
			name = LaunchScreen.storyboard;
			sourceTree = "<group>";
		};
/* End PBXVariantGroup section */

/* Begin XCBuildConfiguration section */
		EDE50CE82211D85100575EDF /* Debug */ = {
			isa = XCBuildConfiguration;
			buildSettings = {
				ALWAYS_SEARCH_USER_PATHS = NO;
				CLANG_ANALYZER_NONNULL = YES;
				CLANG_ANALYZER_NUMBER_OBJECT_CONVERSION = YES_AGGRESSIVE;
				CLANG_CXX_LANGUAGE_STANDARD = "gnu++14";
				CLANG_CXX_LIBRARY = "libc++";
				CLANG_ENABLE_MODULES = YES;
				CLANG_ENABLE_OBJC_ARC = YES;
				CLANG_WARN_BLOCK_CAPTURE_AUTORELEASING = YES;
				CLANG_WARN_BOOL_CONVERSION = YES;
				CLANG_WARN_COMMA = YES;
				CLANG_WARN_CONSTANT_CONVERSION = YES;
				CLANG_WARN_DIRECT_OBJC_ISA_USAGE = YES_ERROR;
				CLANG_WARN_DOCUMENTATION_COMMENTS = YES;
				CLANG_WARN_EMPTY_BODY = YES;
				CLANG_WARN_ENUM_CONVERSION = YES;
				CLANG_WARN_INFINITE_RECURSION = YES;
				CLANG_WARN_INT_CONVERSION = YES;
				CLANG_WARN_NON_LITERAL_NULL_CONVERSION = YES;
				CLANG_WARN_OBJC_LITERAL_CONVERSION = YES;
				CLANG_WARN_OBJC_ROOT_CLASS = YES_ERROR;
				CLANG_WARN_RANGE_LOOP_ANALYSIS = YES;
				CLANG_WARN_STRICT_PROTOTYPES = YES;
				CLANG_WARN_SUSPICIOUS_MOVE = YES;
				CLANG_WARN_UNGUARDED_AVAILABILITY = YES_AGGRESSIVE;
				CLANG_WARN_UNREACHABLE_CODE = YES;
				CLANG_WARN__DUPLICATE_METHOD_MATCH = YES;
				CODE_SIGN_IDENTITY = "iPhone Developer";
				COPY_PHASE_STRIP = NO;
				DEBUG_INFORMATION_FORMAT = dwarf;
				ENABLE_STRICT_OBJC_MSGSEND = YES;
				ENABLE_TESTABILITY = YES;
				GCC_C_LANGUAGE_STANDARD = gnu11;
				GCC_DYNAMIC_NO_PIC = NO;
				GCC_NO_COMMON_BLOCKS = YES;
				GCC_OPTIMIZATION_LEVEL = 0;
				GCC_PREPROCESSOR_DEFINITIONS = (
					"DEBUG=1",
					"$(inherited)",
				);
				GCC_WARN_64_TO_32_BIT_CONVERSION = YES;
				GCC_WARN_ABOUT_RETURN_TYPE = YES_ERROR;
				GCC_WARN_UNDECLARED_SELECTOR = YES;
				GCC_WARN_UNINITIALIZED_AUTOS = YES_AGGRESSIVE;
				GCC_WARN_UNUSED_FUNCTION = YES;
				GCC_WARN_UNUSED_VARIABLE = YES;
				IPHONEOS_DEPLOYMENT_TARGET = 11.1;
				MTL_ENABLE_DEBUG_INFO = YES;
				ONLY_ACTIVE_ARCH = YES;
				SDKROOT = iphoneos;
				SWIFT_ACTIVE_COMPILATION_CONDITIONS = DEBUG;
				SWIFT_OPTIMIZATION_LEVEL = "-Onone";
			};
			name = Debug;
		};
		EDE50CE92211D85100575EDF /* Release */ = {
			isa = XCBuildConfiguration;
			buildSettings = {
				ALWAYS_SEARCH_USER_PATHS = NO;
				CLANG_ANALYZER_NONNULL = YES;
				CLANG_ANALYZER_NUMBER_OBJECT_CONVERSION = YES_AGGRESSIVE;
				CLANG_CXX_LANGUAGE_STANDARD = "gnu++14";
				CLANG_CXX_LIBRARY = "libc++";
				CLANG_ENABLE_MODULES = YES;
				CLANG_ENABLE_OBJC_ARC = YES;
				CLANG_WARN_BLOCK_CAPTURE_AUTORELEASING = YES;
				CLANG_WARN_BOOL_CONVERSION = YES;
				CLANG_WARN_COMMA = YES;
				CLANG_WARN_CONSTANT_CONVERSION = YES;
				CLANG_WARN_DIRECT_OBJC_ISA_USAGE = YES_ERROR;
				CLANG_WARN_DOCUMENTATION_COMMENTS = YES;
				CLANG_WARN_EMPTY_BODY = YES;
				CLANG_WARN_ENUM_CONVERSION = YES;
				CLANG_WARN_INFINITE_RECURSION = YES;
				CLANG_WARN_INT_CONVERSION = YES;
				CLANG_WARN_NON_LITERAL_NULL_CONVERSION = YES;
				CLANG_WARN_OBJC_LITERAL_CONVERSION = YES;
				CLANG_WARN_OBJC_ROOT_CLASS = YES_ERROR;
				CLANG_WARN_RANGE_LOOP_ANALYSIS = YES;
				CLANG_WARN_STRICT_PROTOTYPES = YES;
				CLANG_WARN_SUSPICIOUS_MOVE = YES;
				CLANG_WARN_UNGUARDED_AVAILABILITY = YES_AGGRESSIVE;
				CLANG_WARN_UNREACHABLE_CODE = YES;
				CLANG_WARN__DUPLICATE_METHOD_MATCH = YES;
				CODE_SIGN_IDENTITY = "iPhone Developer";
				COPY_PHASE_STRIP = NO;
				DEBUG_INFORMATION_FORMAT = "dwarf-with-dsym";
				ENABLE_NS_ASSERTIONS = NO;
				ENABLE_STRICT_OBJC_MSGSEND = YES;
				GCC_C_LANGUAGE_STANDARD = gnu11;
				GCC_NO_COMMON_BLOCKS = YES;
				GCC_WARN_64_TO_32_BIT_CONVERSION = YES;
				GCC_WARN_ABOUT_RETURN_TYPE = YES_ERROR;
				GCC_WARN_UNDECLARED_SELECTOR = YES;
				GCC_WARN_UNINITIALIZED_AUTOS = YES_AGGRESSIVE;
				GCC_WARN_UNUSED_FUNCTION = YES;
				GCC_WARN_UNUSED_VARIABLE = YES;
				IPHONEOS_DEPLOYMENT_TARGET = 11.1;
				MTL_ENABLE_DEBUG_INFO = NO;
				SDKROOT = iphoneos;
				SWIFT_OPTIMIZATION_LEVEL = "-Owholemodule";
				VALIDATE_PRODUCT = YES;
			};
			name = Release;
		};
		EDE50CEB2211D85100575EDF /* Debug */ = {
			isa = XCBuildConfiguration;
			buildSettings = {
				ASSETCATALOG_COMPILER_APPICON_NAME = AppIcon;
				CODE_SIGN_STYLE = Automatic;
				INFOPLIST_FILE = BerlinClockConverter/Info.plist;
				LD_RUNPATH_SEARCH_PATHS = "$(inherited) @executable_path/Frameworks";
				PRODUCT_BUNDLE_IDENTIFIER = com.Daniela.BerlinClockConverter;
				PRODUCT_NAME = "$(TARGET_NAME)";
				SWIFT_VERSION = 4.0;
				TARGETED_DEVICE_FAMILY = "1,2";
			};
			name = Debug;
		};
		EDE50CEC2211D85100575EDF /* Release */ = {
			isa = XCBuildConfiguration;
			buildSettings = {
				ASSETCATALOG_COMPILER_APPICON_NAME = AppIcon;
				CODE_SIGN_STYLE = Automatic;
				INFOPLIST_FILE = BerlinClockConverter/Info.plist;
				LD_RUNPATH_SEARCH_PATHS = "$(inherited) @executable_path/Frameworks";
				PRODUCT_BUNDLE_IDENTIFIER = com.Daniela.BerlinClockConverter;
				PRODUCT_NAME = "$(TARGET_NAME)";
				SWIFT_VERSION = 4.0;
				TARGETED_DEVICE_FAMILY = "1,2";
			};
			name = Release;
		};
		EDE50CEE2211D85100575EDF /* Debug */ = {
			isa = XCBuildConfiguration;
			buildSettings = {
				ALWAYS_EMBED_SWIFT_STANDARD_LIBRARIES = YES;
				BUNDLE_LOADER = "$(TEST_HOST)";
				CODE_SIGN_STYLE = Automatic;
				INFOPLIST_FILE = BerlinClockConverterTests/Info.plist;
				LD_RUNPATH_SEARCH_PATHS = "$(inherited) @executable_path/Frameworks @loader_path/Frameworks";
				PRODUCT_BUNDLE_IDENTIFIER = com.Daniela.BerlinClockConverterTests;
				PRODUCT_NAME = "$(TARGET_NAME)";
				SWIFT_VERSION = 4.0;
				TARGETED_DEVICE_FAMILY = "1,2";
				TEST_HOST = "$(BUILT_PRODUCTS_DIR)/BerlinClockConverter.app/BerlinClockConverter";
			};
			name = Debug;
		};
		EDE50CEF2211D85100575EDF /* Release */ = {
			isa = XCBuildConfiguration;
			buildSettings = {
				ALWAYS_EMBED_SWIFT_STANDARD_LIBRARIES = YES;
				BUNDLE_LOADER = "$(TEST_HOST)";
				CODE_SIGN_STYLE = Automatic;
				INFOPLIST_FILE = BerlinClockConverterTests/Info.plist;
				LD_RUNPATH_SEARCH_PATHS = "$(inherited) @executable_path/Frameworks @loader_path/Frameworks";
				PRODUCT_BUNDLE_IDENTIFIER = com.Daniela.BerlinClockConverterTests;
				PRODUCT_NAME = "$(TARGET_NAME)";
				SWIFT_VERSION = 4.0;
				TARGETED_DEVICE_FAMILY = "1,2";
				TEST_HOST = "$(BUILT_PRODUCTS_DIR)/BerlinClockConverter.app/BerlinClockConverter";
			};
			name = Release;
		};
/* End XCBuildConfiguration section */

/* Begin XCConfigurationList section */
		EDE50CC82211D85100575EDF /* Build configuration list for PBXProject "BerlinClockConverter" */ = {
			isa = XCConfigurationList;
			buildConfigurations = (
				EDE50CE82211D85100575EDF /* Debug */,
				EDE50CE92211D85100575EDF /* Release */,
			);
			defaultConfigurationIsVisible = 0;
			defaultConfigurationName = Release;
		};
		EDE50CEA2211D85100575EDF /* Build configuration list for PBXNativeTarget "BerlinClockConverter" */ = {
			isa = XCConfigurationList;
			buildConfigurations = (
				EDE50CEB2211D85100575EDF /* Debug */,
				EDE50CEC2211D85100575EDF /* Release */,
			);
			defaultConfigurationIsVisible = 0;
			defaultConfigurationName = Release;
		};
		EDE50CED2211D85100575EDF /* Build configuration list for PBXNativeTarget "BerlinClockConverterTests" */ = {
			isa = XCConfigurationList;
			buildConfigurations = (
				EDE50CEE2211D85100575EDF /* Debug */,
				EDE50CEF2211D85100575EDF /* Release */,
			);
			defaultConfigurationIsVisible = 0;
			defaultConfigurationName = Release;
		};
/* End XCConfigurationList section */
	};
	rootObject = EDE50CC52211D85100575EDF /* Project object */;
}
